
Microsoft Visual Studio Solution File, Format Version 12.00
Project("{2150E333-8FDC-42A3-9474-1A3956D46DE8}") = "src", "src", "{0DD9FDB8-6088-4B2C-8345-97CCE0746696}"
EndProject
Project("{2150E333-8FDC-42A3-9474-1A3956D46DE8}") = "tests", "tests", "{8755BB69-CD7C-44E7-9A48-B59D53ED5127}"
EndProject
Project("{2150E333-8FDC-42A3-9474-1A3956D46DE8}") = "Common", "Common", "{BC7FEEAB-C625-4E2A-B534-B1BC146F7555}"
EndProject
Project("{FAE04EC0-301F-11D3-BF4B-00C04F79EFBC}") = "Logging", "src\Common\Logging\Logging.csproj", "{47C86975-A3DB-4802-9F07-C812584B8159}"
EndProject
Project("{2150E333-8FDC-42A3-9474-1A3956D46DE8}") = "Solution Items", "Solution Items", "{F197335B-D21F-496E-8FB4-88CB7BB8AC90}"
EndProject
Project("{2150E333-8FDC-42A3-9474-1A3956D46DE8}") = "Services", "Services", "{B3FB7E78-E1C0-4D32-AD98-D9E12416E383}"
EndProject
Project("{FAE04EC0-301F-11D3-BF4B-00C04F79EFBC}") = "Person.API", "src\Person\Person.API\Person.API.csproj", "{E9355F7A-8ED9-45B1-8E87-BE9A4F8358F3}"
EndProject
Project("{FAE04EC0-301F-11D3-BF4B-00C04F79EFBC}") = "Structure.API", "src\Structure\Structure.API\Structure.API.csproj", "{03A32613-E9D2-4ED5-BA2B-8440BDE0341E}"
EndProject
Project("{FAE04EC0-301F-11D3-BF4B-00C04F79EFBC}") = "Payments.API", "src\Payments\Payments.API\Payments.API.csproj", "{C5BE68EA-0304-4BAE-983F-C6B15067235B}"
EndProject
Project("{FAE04EC0-301F-11D3-BF4B-00C04F79EFBC}") = "Vacations.API", "src\Vacations\Vacations.API\Vacations.API.csproj", "{4700C9AA-1972-4265-86CA-2B246E7D4428}"
EndProject
Project("{FAE04EC0-301F-11D3-BF4B-00C04F79EFBC}") = "Recruiting.API", "src\Recruiting\Recruiting.API\Recruiting.API.csproj", "{5DC305C5-72A8-406B-8141-7305FA9810D5}"
EndProject
Project("{2150E333-8FDC-42A3-9474-1A3956D46DE8}") = "Services", "Services", "{99AEA01C-7A31-4683-9373-43B3A56E8FDB}"
	ProjectSection(SolutionItems) = preProject
		src\Protos\Services\person.proto = src\Protos\Services\person.proto
		src\Protos\Services\position.proto = src\Protos\Services\position.proto
		src\Protos\Services\team.proto = src\Protos\Services\team.proto
		src\Protos\Services\staff.proto = src\Protos\Services\staff.proto
		src\Protos\Services\employment_history.proto = src\Protos\Services\employment_history.proto
	EndProjectSection
EndProject
Project("{FAE04EC0-301F-11D3-BF4B-00C04F79EFBC}") = "Exceptions", "src\Common\Exceptions\Exceptions.csproj", "{52943AC2-F012-4CD9-AFFC-C5359881845D}"
EndProject
Project("{2150E333-8FDC-42A3-9474-1A3956D46DE8}") = "CustomTypes", "CustomTypes", "{CEF3FE9E-CEA7-49AC-BFEB-3CDF9F2398F2}"
	ProjectSection(SolutionItems) = preProject
		src\Protos\CustomTypes\decimal.proto = src\Protos\CustomTypes\decimal.proto
	EndProjectSection
EndProject
Project("{FAE04EC0-301F-11D3-BF4B-00C04F79EFBC}") = "Staff.API", "src\Staff\Staff.API\Staff.API.csproj", "{5E44011A-A790-4E6A-8D6A-63B9554D224B}"
EndProject
Project("{FAE04EC0-301F-11D3-BF4B-00C04F79EFBC}") = "EmploymentHistory.API", "src\EmploymentHistory\EmploymentHistory.API\EmploymentHistory.API.csproj", "{CE8EA948-E1F2-4FAA-91D8-70EBCEFE653F}"
EndProject
Project("{FAE04EC0-301F-11D3-BF4B-00C04F79EFBC}") = "Extensions", "src\Common\Extensions\Extensions.csproj", "{2EF217F8-55CE-41EB-BEC6-FB3DA2080263}"
EndProject
Project("{FAE04EC0-301F-11D3-BF4B-00C04F79EFBC}") = "Configurations", "src\Common\Configurations\Configurations.csproj", "{DE032E56-0199-47C6-949D-9E5320B48ACD}"
EndProject
Project("{FAE04EC0-301F-11D3-BF4B-00C04F79EFBC}") = "EmploymentHistory.Tests", "tests\EmploymentHistory.Tests\EmploymentHistory.Tests.csproj", "{4786BA2D-BF0F-4A69-99F2-ECACD6B85A0F}"
EndProject
Project("{2150E333-8FDC-42A3-9474-1A3956D46DE8}") = "Staff", "Staff", "{685631A8-1176-4DC9-97FD-95C43A7A3F40}"
EndProject
Project("{FAE04EC0-301F-11D3-BF4B-00C04F79EFBC}") = "Staff.Domain", "src\Staff\Staff.Domain\Staff.Domain.csproj", "{F9E03A09-F86B-4238-B4B1-904AF82601FA}"
EndProject
Project("{FAE04EC0-301F-11D3-BF4B-00C04F79EFBC}") = "Staff.Infrastructure", "src\Staff\Staff.Infrastructure\Staff.Infrastructure.csproj", "{B33B8AAE-8626-4534-814F-1A0FE559116B}"
EndProject
Project("{FAE04EC0-301F-11D3-BF4B-00C04F79EFBC}") = "Staff.Application", "src\Staff\Staff.Application\Staff.Application.csproj", "{EB057560-8087-42A3-8AA0-E5221E18DC71}"
EndProject
Project("{2150E333-8FDC-42A3-9474-1A3956D46DE8}") = "Person", "Person", "{A08E19C1-EAE9-410D-BC83-81FF749EB7D5}"
EndProject
Project("{FAE04EC0-301F-11D3-BF4B-00C04F79EFBC}") = "Person.Domain", "src\Person\Person.Domain\Person.Domain.csproj", "{E9C25EDC-3C4A-478C-BDA0-AFAE249C8981}"
EndProject
Project("{FAE04EC0-301F-11D3-BF4B-00C04F79EFBC}") = "Person.Application", "src\Person\Person.Application\Person.Application.csproj", "{27CB402C-F359-438E-B833-1CA8F6B0F508}"
EndProject
Project("{FAE04EC0-301F-11D3-BF4B-00C04F79EFBC}") = "Person.Infrastructure", "src\Person\Person.Infrastructure\Person.Infrastructure.csproj", "{910F50E4-D85D-469A-93AB-156ABBC24637}"
EndProject
Project("{2150E333-8FDC-42A3-9474-1A3956D46DE8}") = "Structure", "Structure", "{03B77DBA-CB6F-45D3-80DB-123C02E110FF}"
EndProject
Project("{FAE04EC0-301F-11D3-BF4B-00C04F79EFBC}") = "Structure.Position.Domain", "src\Structure\Structure.Position.Domain\Structure.Position.Domain.csproj", "{F9DE886D-CEDD-4007-819F-615C1B6A1C64}"
EndProject
Project("{FAE04EC0-301F-11D3-BF4B-00C04F79EFBC}") = "Structure.Position.Infrastructure", "src\Structure\Structure.Position.Infrastructure\Structure.Position.Infrastructure.csproj", "{A3C1A55B-BF90-49A0-A2B1-D22FC698FC3E}"
EndProject
Project("{FAE04EC0-301F-11D3-BF4B-00C04F79EFBC}") = "Structure.Position.Application", "src\Structure\Structure.Position.Application\Structure.Position.Application.csproj", "{15D41DB1-C29D-452B-8993-7CC061A698CC}"
EndProject
Project("{FAE04EC0-301F-11D3-BF4B-00C04F79EFBC}") = "Structure.Team.Domain", "src\Structure\Structure.Team.Domain\Structure.Team.Domain.csproj", "{6D8F68E7-2989-483A-B795-F55494721451}"
EndProject
Project("{FAE04EC0-301F-11D3-BF4B-00C04F79EFBC}") = "Structure.Team.Infrastructure", "src\Structure\Structure.Team.Infrastructure\Structure.Team.Infrastructure.csproj", "{DE0D70D9-3387-4FF2-B5C3-1DA520E83AEE}"
EndProject
Project("{FAE04EC0-301F-11D3-BF4B-00C04F79EFBC}") = "Structure.Team.Application", "src\Structure\Structure.Team.Application\Structure.Team.Application.csproj", "{DDCD7DCE-1352-4F61-BA80-4EE3804287A1}"
EndProject
Project("{2150E333-8FDC-42A3-9474-1A3956D46DE8}") = "EmploymentHistory", "EmploymentHistory", "{57E4F6F4-6A34-4712-A1C4-4C3E84C9997D}"
EndProject
Project("{2150E333-8FDC-42A3-9474-1A3956D46DE8}") = "Payments", "Payments", "{4EE652AA-9BF6-43A1-B498-BF103D731EED}"
EndProject
Project("{2150E333-8FDC-42A3-9474-1A3956D46DE8}") = "Recruiting", "Recruiting", "{80AB6AF1-9C06-4571-BE0B-065C9BDA47DD}"
EndProject
Project("{2150E333-8FDC-42A3-9474-1A3956D46DE8}") = "Vacations", "Vacations", "{97510A40-BC80-41B2-B193-5536D07282DF}"
EndProject
Global
	GlobalSection(SolutionConfigurationPlatforms) = preSolution
		Debug|Any CPU = Debug|Any CPU
		Release|Any CPU = Release|Any CPU
	EndGlobalSection
	GlobalSection(NestedProjects) = preSolution
		{BC7FEEAB-C625-4E2A-B534-B1BC146F7555} = {0DD9FDB8-6088-4B2C-8345-97CCE0746696}
		{47C86975-A3DB-4802-9F07-C812584B8159} = {BC7FEEAB-C625-4E2A-B534-B1BC146F7555}
		{B3FB7E78-E1C0-4D32-AD98-D9E12416E383} = {0DD9FDB8-6088-4B2C-8345-97CCE0746696}
		{99AEA01C-7A31-4683-9373-43B3A56E8FDB} = {F197335B-D21F-496E-8FB4-88CB7BB8AC90}
		{52943AC2-F012-4CD9-AFFC-C5359881845D} = {BC7FEEAB-C625-4E2A-B534-B1BC146F7555}
		{CEF3FE9E-CEA7-49AC-BFEB-3CDF9F2398F2} = {F197335B-D21F-496E-8FB4-88CB7BB8AC90}
		{2EF217F8-55CE-41EB-BEC6-FB3DA2080263} = {BC7FEEAB-C625-4E2A-B534-B1BC146F7555}
		{DE032E56-0199-47C6-949D-9E5320B48ACD} = {BC7FEEAB-C625-4E2A-B534-B1BC146F7555}
		{4786BA2D-BF0F-4A69-99F2-ECACD6B85A0F} = {8755BB69-CD7C-44E7-9A48-B59D53ED5127}
		{5E44011A-A790-4E6A-8D6A-63B9554D224B} = {685631A8-1176-4DC9-97FD-95C43A7A3F40}
		{F9E03A09-F86B-4238-B4B1-904AF82601FA} = {685631A8-1176-4DC9-97FD-95C43A7A3F40}
		{B33B8AAE-8626-4534-814F-1A0FE559116B} = {685631A8-1176-4DC9-97FD-95C43A7A3F40}
		{EB057560-8087-42A3-8AA0-E5221E18DC71} = {685631A8-1176-4DC9-97FD-95C43A7A3F40}
		{E9355F7A-8ED9-45B1-8E87-BE9A4F8358F3} = {A08E19C1-EAE9-410D-BC83-81FF749EB7D5}
		{A08E19C1-EAE9-410D-BC83-81FF749EB7D5} = {B3FB7E78-E1C0-4D32-AD98-D9E12416E383}
		{E9C25EDC-3C4A-478C-BDA0-AFAE249C8981} = {A08E19C1-EAE9-410D-BC83-81FF749EB7D5}
		{27CB402C-F359-438E-B833-1CA8F6B0F508} = {A08E19C1-EAE9-410D-BC83-81FF749EB7D5}
		{910F50E4-D85D-469A-93AB-156ABBC24637} = {A08E19C1-EAE9-410D-BC83-81FF749EB7D5}
		{03B77DBA-CB6F-45D3-80DB-123C02E110FF} = {B3FB7E78-E1C0-4D32-AD98-D9E12416E383}
		{03A32613-E9D2-4ED5-BA2B-8440BDE0341E} = {03B77DBA-CB6F-45D3-80DB-123C02E110FF}
		{F9DE886D-CEDD-4007-819F-615C1B6A1C64} = {03B77DBA-CB6F-45D3-80DB-123C02E110FF}
		{A3C1A55B-BF90-49A0-A2B1-D22FC698FC3E} = {03B77DBA-CB6F-45D3-80DB-123C02E110FF}
		{15D41DB1-C29D-452B-8993-7CC061A698CC} = {03B77DBA-CB6F-45D3-80DB-123C02E110FF}
		{685631A8-1176-4DC9-97FD-95C43A7A3F40} = {B3FB7E78-E1C0-4D32-AD98-D9E12416E383}
		{6D8F68E7-2989-483A-B795-F55494721451} = {03B77DBA-CB6F-45D3-80DB-123C02E110FF}
		{DE0D70D9-3387-4FF2-B5C3-1DA520E83AEE} = {03B77DBA-CB6F-45D3-80DB-123C02E110FF}
		{DDCD7DCE-1352-4F61-BA80-4EE3804287A1} = {03B77DBA-CB6F-45D3-80DB-123C02E110FF}
		{57E4F6F4-6A34-4712-A1C4-4C3E84C9997D} = {B3FB7E78-E1C0-4D32-AD98-D9E12416E383}
		{CE8EA948-E1F2-4FAA-91D8-70EBCEFE653F} = {57E4F6F4-6A34-4712-A1C4-4C3E84C9997D}
		{4EE652AA-9BF6-43A1-B498-BF103D731EED} = {B3FB7E78-E1C0-4D32-AD98-D9E12416E383}
		{C5BE68EA-0304-4BAE-983F-C6B15067235B} = {4EE652AA-9BF6-43A1-B498-BF103D731EED}
		{80AB6AF1-9C06-4571-BE0B-065C9BDA47DD} = {B3FB7E78-E1C0-4D32-AD98-D9E12416E383}
		{5DC305C5-72A8-406B-8141-7305FA9810D5} = {80AB6AF1-9C06-4571-BE0B-065C9BDA47DD}
		{97510A40-BC80-41B2-B193-5536D07282DF} = {B3FB7E78-E1C0-4D32-AD98-D9E12416E383}
		{4700C9AA-1972-4265-86CA-2B246E7D4428} = {97510A40-BC80-41B2-B193-5536D07282DF}
	EndGlobalSection
	GlobalSection(ProjectConfigurationPlatforms) = postSolution
		{47C86975-A3DB-4802-9F07-C812584B8159}.Debug|Any CPU.ActiveCfg = Debug|Any CPU
		{47C86975-A3DB-4802-9F07-C812584B8159}.Debug|Any CPU.Build.0 = Debug|Any CPU
		{47C86975-A3DB-4802-9F07-C812584B8159}.Release|Any CPU.ActiveCfg = Release|Any CPU
		{47C86975-A3DB-4802-9F07-C812584B8159}.Release|Any CPU.Build.0 = Release|Any CPU
		{E9355F7A-8ED9-45B1-8E87-BE9A4F8358F3}.Debug|Any CPU.ActiveCfg = Debug|Any CPU
		{E9355F7A-8ED9-45B1-8E87-BE9A4F8358F3}.Debug|Any CPU.Build.0 = Debug|Any CPU
		{E9355F7A-8ED9-45B1-8E87-BE9A4F8358F3}.Release|Any CPU.ActiveCfg = Release|Any CPU
		{E9355F7A-8ED9-45B1-8E87-BE9A4F8358F3}.Release|Any CPU.Build.0 = Release|Any CPU
		{03A32613-E9D2-4ED5-BA2B-8440BDE0341E}.Debug|Any CPU.ActiveCfg = Debug|Any CPU
		{03A32613-E9D2-4ED5-BA2B-8440BDE0341E}.Debug|Any CPU.Build.0 = Debug|Any CPU
		{03A32613-E9D2-4ED5-BA2B-8440BDE0341E}.Release|Any CPU.ActiveCfg = Release|Any CPU
		{03A32613-E9D2-4ED5-BA2B-8440BDE0341E}.Release|Any CPU.Build.0 = Release|Any CPU
		{C5BE68EA-0304-4BAE-983F-C6B15067235B}.Debug|Any CPU.ActiveCfg = Debug|Any CPU
		{C5BE68EA-0304-4BAE-983F-C6B15067235B}.Debug|Any CPU.Build.0 = Debug|Any CPU
		{C5BE68EA-0304-4BAE-983F-C6B15067235B}.Release|Any CPU.ActiveCfg = Release|Any CPU
		{C5BE68EA-0304-4BAE-983F-C6B15067235B}.Release|Any CPU.Build.0 = Release|Any CPU
		{4700C9AA-1972-4265-86CA-2B246E7D4428}.Debug|Any CPU.ActiveCfg = Debug|Any CPU
		{4700C9AA-1972-4265-86CA-2B246E7D4428}.Debug|Any CPU.Build.0 = Debug|Any CPU
		{4700C9AA-1972-4265-86CA-2B246E7D4428}.Release|Any CPU.ActiveCfg = Release|Any CPU
		{4700C9AA-1972-4265-86CA-2B246E7D4428}.Release|Any CPU.Build.0 = Release|Any CPU
		{5DC305C5-72A8-406B-8141-7305FA9810D5}.Debug|Any CPU.ActiveCfg = Debug|Any CPU
		{5DC305C5-72A8-406B-8141-7305FA9810D5}.Debug|Any CPU.Build.0 = Debug|Any CPU
		{5DC305C5-72A8-406B-8141-7305FA9810D5}.Release|Any CPU.ActiveCfg = Release|Any CPU
		{5DC305C5-72A8-406B-8141-7305FA9810D5}.Release|Any CPU.Build.0 = Release|Any CPU
		{52943AC2-F012-4CD9-AFFC-C5359881845D}.Debug|Any CPU.ActiveCfg = Debug|Any CPU
		{52943AC2-F012-4CD9-AFFC-C5359881845D}.Debug|Any CPU.Build.0 = Debug|Any CPU
		{52943AC2-F012-4CD9-AFFC-C5359881845D}.Release|Any CPU.ActiveCfg = Release|Any CPU
		{52943AC2-F012-4CD9-AFFC-C5359881845D}.Release|Any CPU.Build.0 = Release|Any CPU
		{5E44011A-A790-4E6A-8D6A-63B9554D224B}.Debug|Any CPU.ActiveCfg = Debug|Any CPU
		{5E44011A-A790-4E6A-8D6A-63B9554D224B}.Debug|Any CPU.Build.0 = Debug|Any CPU
		{5E44011A-A790-4E6A-8D6A-63B9554D224B}.Release|Any CPU.ActiveCfg = Release|Any CPU
		{5E44011A-A790-4E6A-8D6A-63B9554D224B}.Release|Any CPU.Build.0 = Release|Any CPU
		{CE8EA948-E1F2-4FAA-91D8-70EBCEFE653F}.Debug|Any CPU.ActiveCfg = Debug|Any CPU
		{CE8EA948-E1F2-4FAA-91D8-70EBCEFE653F}.Debug|Any CPU.Build.0 = Debug|Any CPU
		{CE8EA948-E1F2-4FAA-91D8-70EBCEFE653F}.Release|Any CPU.ActiveCfg = Release|Any CPU
		{CE8EA948-E1F2-4FAA-91D8-70EBCEFE653F}.Release|Any CPU.Build.0 = Release|Any CPU
		{2EF217F8-55CE-41EB-BEC6-FB3DA2080263}.Debug|Any CPU.ActiveCfg = Debug|Any CPU
		{2EF217F8-55CE-41EB-BEC6-FB3DA2080263}.Debug|Any CPU.Build.0 = Debug|Any CPU
		{2EF217F8-55CE-41EB-BEC6-FB3DA2080263}.Release|Any CPU.ActiveCfg = Release|Any CPU
		{2EF217F8-55CE-41EB-BEC6-FB3DA2080263}.Release|Any CPU.Build.0 = Release|Any CPU
		{DE032E56-0199-47C6-949D-9E5320B48ACD}.Debug|Any CPU.ActiveCfg = Debug|Any CPU
		{DE032E56-0199-47C6-949D-9E5320B48ACD}.Debug|Any CPU.Build.0 = Debug|Any CPU
		{DE032E56-0199-47C6-949D-9E5320B48ACD}.Release|Any CPU.ActiveCfg = Release|Any CPU
		{DE032E56-0199-47C6-949D-9E5320B48ACD}.Release|Any CPU.Build.0 = Release|Any CPU
		{4786BA2D-BF0F-4A69-99F2-ECACD6B85A0F}.Debug|Any CPU.ActiveCfg = Debug|Any CPU
		{4786BA2D-BF0F-4A69-99F2-ECACD6B85A0F}.Debug|Any CPU.Build.0 = Debug|Any CPU
		{4786BA2D-BF0F-4A69-99F2-ECACD6B85A0F}.Release|Any CPU.ActiveCfg = Release|Any CPU
		{4786BA2D-BF0F-4A69-99F2-ECACD6B85A0F}.Release|Any CPU.Build.0 = Release|Any CPU
		{F9E03A09-F86B-4238-B4B1-904AF82601FA}.Debug|Any CPU.ActiveCfg = Debug|Any CPU
		{F9E03A09-F86B-4238-B4B1-904AF82601FA}.Debug|Any CPU.Build.0 = Debug|Any CPU
		{F9E03A09-F86B-4238-B4B1-904AF82601FA}.Release|Any CPU.ActiveCfg = Release|Any CPU
		{F9E03A09-F86B-4238-B4B1-904AF82601FA}.Release|Any CPU.Build.0 = Release|Any CPU
		{B33B8AAE-8626-4534-814F-1A0FE559116B}.Debug|Any CPU.ActiveCfg = Debug|Any CPU
		{B33B8AAE-8626-4534-814F-1A0FE559116B}.Debug|Any CPU.Build.0 = Debug|Any CPU
		{B33B8AAE-8626-4534-814F-1A0FE559116B}.Release|Any CPU.ActiveCfg = Release|Any CPU
		{B33B8AAE-8626-4534-814F-1A0FE559116B}.Release|Any CPU.Build.0 = Release|Any CPU
		{EB057560-8087-42A3-8AA0-E5221E18DC71}.Debug|Any CPU.ActiveCfg = Debug|Any CPU
		{EB057560-8087-42A3-8AA0-E5221E18DC71}.Debug|Any CPU.Build.0 = Debug|Any CPU
		{EB057560-8087-42A3-8AA0-E5221E18DC71}.Release|Any CPU.ActiveCfg = Release|Any CPU
		{EB057560-8087-42A3-8AA0-E5221E18DC71}.Release|Any CPU.Build.0 = Release|Any CPU
		{E9C25EDC-3C4A-478C-BDA0-AFAE249C8981}.Debug|Any CPU.ActiveCfg = Debug|Any CPU
		{E9C25EDC-3C4A-478C-BDA0-AFAE249C8981}.Debug|Any CPU.Build.0 = Debug|Any CPU
		{E9C25EDC-3C4A-478C-BDA0-AFAE249C8981}.Release|Any CPU.ActiveCfg = Release|Any CPU
		{E9C25EDC-3C4A-478C-BDA0-AFAE249C8981}.Release|Any CPU.Build.0 = Release|Any CPU
		{27CB402C-F359-438E-B833-1CA8F6B0F508}.Debug|Any CPU.ActiveCfg = Debug|Any CPU
		{27CB402C-F359-438E-B833-1CA8F6B0F508}.Debug|Any CPU.Build.0 = Debug|Any CPU
		{27CB402C-F359-438E-B833-1CA8F6B0F508}.Release|Any CPU.ActiveCfg = Release|Any CPU
		{27CB402C-F359-438E-B833-1CA8F6B0F508}.Release|Any CPU.Build.0 = Release|Any CPU
		{910F50E4-D85D-469A-93AB-156ABBC24637}.Debug|Any CPU.ActiveCfg = Debug|Any CPU
		{910F50E4-D85D-469A-93AB-156ABBC24637}.Debug|Any CPU.Build.0 = Debug|Any CPU
		{910F50E4-D85D-469A-93AB-156ABBC24637}.Release|Any CPU.ActiveCfg = Release|Any CPU
		{910F50E4-D85D-469A-93AB-156ABBC24637}.Release|Any CPU.Build.0 = Release|Any CPU
		{F9DE886D-CEDD-4007-819F-615C1B6A1C64}.Debug|Any CPU.ActiveCfg = Debug|Any CPU
		{F9DE886D-CEDD-4007-819F-615C1B6A1C64}.Debug|Any CPU.Build.0 = Debug|Any CPU
		{F9DE886D-CEDD-4007-819F-615C1B6A1C64}.Release|Any CPU.ActiveCfg = Release|Any CPU
		{F9DE886D-CEDD-4007-819F-615C1B6A1C64}.Release|Any CPU.Build.0 = Release|Any CPU
		{A3C1A55B-BF90-49A0-A2B1-D22FC698FC3E}.Debug|Any CPU.ActiveCfg = Debug|Any CPU
		{A3C1A55B-BF90-49A0-A2B1-D22FC698FC3E}.Debug|Any CPU.Build.0 = Debug|Any CPU
		{A3C1A55B-BF90-49A0-A2B1-D22FC698FC3E}.Release|Any CPU.ActiveCfg = Release|Any CPU
		{A3C1A55B-BF90-49A0-A2B1-D22FC698FC3E}.Release|Any CPU.Build.0 = Release|Any CPU
		{15D41DB1-C29D-452B-8993-7CC061A698CC}.Debug|Any CPU.ActiveCfg = Debug|Any CPU
		{15D41DB1-C29D-452B-8993-7CC061A698CC}.Debug|Any CPU.Build.0 = Debug|Any CPU
		{15D41DB1-C29D-452B-8993-7CC061A698CC}.Release|Any CPU.ActiveCfg = Release|Any CPU
		{15D41DB1-C29D-452B-8993-7CC061A698CC}.Release|Any CPU.Build.0 = Release|Any CPU
		{6D8F68E7-2989-483A-B795-F55494721451}.Debug|Any CPU.ActiveCfg = Debug|Any CPU
		{6D8F68E7-2989-483A-B795-F55494721451}.Debug|Any CPU.Build.0 = Debug|Any CPU
		{6D8F68E7-2989-483A-B795-F55494721451}.Release|Any CPU.ActiveCfg = Release|Any CPU
		{6D8F68E7-2989-483A-B795-F55494721451}.Release|Any CPU.Build.0 = Release|Any CPU
		{DE0D70D9-3387-4FF2-B5C3-1DA520E83AEE}.Debug|Any CPU.ActiveCfg = Debug|Any CPU
		{DE0D70D9-3387-4FF2-B5C3-1DA520E83AEE}.Debug|Any CPU.Build.0 = Debug|Any CPU
		{DE0D70D9-3387-4FF2-B5C3-1DA520E83AEE}.Release|Any CPU.ActiveCfg = Release|Any CPU
		{DE0D70D9-3387-4FF2-B5C3-1DA520E83AEE}.Release|Any CPU.Build.0 = Release|Any CPU
		{DDCD7DCE-1352-4F61-BA80-4EE3804287A1}.Debug|Any CPU.ActiveCfg = Debug|Any CPU
		{DDCD7DCE-1352-4F61-BA80-4EE3804287A1}.Debug|Any CPU.Build.0 = Debug|Any CPU
		{DDCD7DCE-1352-4F61-BA80-4EE3804287A1}.Release|Any CPU.ActiveCfg = Release|Any CPU
		{DDCD7DCE-1352-4F61-BA80-4EE3804287A1}.Release|Any CPU.Build.0 = Release|Any CPU
	EndGlobalSection
EndGlobal
