
Microsoft Visual Studio Solution File, Format Version 12.00
Project("{2150E333-8FDC-42A3-9474-1A3956D46DE8}") = "src", "src", "{0DD9FDB8-6088-4B2C-8345-97CCE0746696}"
EndProject
Project("{2150E333-8FDC-42A3-9474-1A3956D46DE8}") = "tests", "tests", "{8755BB69-CD7C-44E7-9A48-B59D53ED5127}"
EndProject
Project("{2150E333-8FDC-42A3-9474-1A3956D46DE8}") = "Common", "Common", "{BC7FEEAB-C625-4E2A-B534-B1BC146F7555}"
EndProject
Project("{FAE04EC0-301F-11D3-BF4B-00C04F79EFBC}") = "Logging", "src\Common\Logging\Logging.csproj", "{47C86975-A3DB-4802-9F07-C812584B8159}"
EndProject
Project("{2150E333-8FDC-42A3-9474-1A3956D46DE8}") = "Solution Items", "Solution Items", "{F197335B-D21F-496E-8FB4-88CB7BB8AC90}"
EndProject
Project("{2150E333-8FDC-42A3-9474-1A3956D46DE8}") = "Services", "Services", "{B3FB7E78-E1C0-4D32-AD98-D9E12416E383}"
EndProject
Project("{FAE04EC0-301F-11D3-BF4B-00C04F79EFBC}") = "Bot", "src\Bot\Bot.csproj", "{37F9FFD0-4A03-453C-8C59-F627276037B4}"
EndProject
Project("{FAE04EC0-301F-11D3-BF4B-00C04F79EFBC}") = "Person", "src\Person\Person.csproj", "{E9355F7A-8ED9-45B1-8E87-BE9A4F8358F3}"
EndProject
Project("{FAE04EC0-301F-11D3-BF4B-00C04F79EFBC}") = "Staff", "src\Staff\Staff.csproj", "{03A32613-E9D2-4ED5-BA2B-8440BDE0341E}"
EndProject
Project("{FAE04EC0-301F-11D3-BF4B-00C04F79EFBC}") = "Payments", "src\Payments\Payments.csproj", "{C5BE68EA-0304-4BAE-983F-C6B15067235B}"
EndProject
Project("{FAE04EC0-301F-11D3-BF4B-00C04F79EFBC}") = "Vacations", "src\Vacations\Vacations.csproj", "{4700C9AA-1972-4265-86CA-2B246E7D4428}"
EndProject
Project("{FAE04EC0-301F-11D3-BF4B-00C04F79EFBC}") = "Recruiting", "src\Recruiting\Recruiting.csproj", "{5DC305C5-72A8-406B-8141-7305FA9810D5}"
EndProject
Project("{2150E333-8FDC-42A3-9474-1A3956D46DE8}") = "Services", "Services", "{99AEA01C-7A31-4683-9373-43B3A56E8FDB}"
	ProjectSection(SolutionItems) = preProject
		src\Protos\Services\person.proto = src\Protos\Services\person.proto
		src\Protos\Services\position.proto = src\Protos\Services\position.proto
		src\Protos\Services\team.proto = src\Protos\Services\team.proto
	EndProjectSection
EndProject
Project("{FAE04EC0-301F-11D3-BF4B-00C04F79EFBC}") = "Exceptions", "src\Common\Exceptions\Exceptions.csproj", "{52943AC2-F012-4CD9-AFFC-C5359881845D}"
EndProject
Project("{2150E333-8FDC-42A3-9474-1A3956D46DE8}") = "CustomTypes", "CustomTypes", "{CEF3FE9E-CEA7-49AC-BFEB-3CDF9F2398F2}"
	ProjectSection(SolutionItems) = preProject
		src\Protos\CustomTypes\decimal.proto = src\Protos\CustomTypes\decimal.proto
	EndProjectSection
EndProject
Global
	GlobalSection(SolutionConfigurationPlatforms) = preSolution
		Debug|Any CPU = Debug|Any CPU
		Release|Any CPU = Release|Any CPU
	EndGlobalSection
	GlobalSection(NestedProjects) = preSolution
		{BC7FEEAB-C625-4E2A-B534-B1BC146F7555} = {0DD9FDB8-6088-4B2C-8345-97CCE0746696}
		{47C86975-A3DB-4802-9F07-C812584B8159} = {BC7FEEAB-C625-4E2A-B534-B1BC146F7555}
		{B3FB7E78-E1C0-4D32-AD98-D9E12416E383} = {0DD9FDB8-6088-4B2C-8345-97CCE0746696}
		{37F9FFD0-4A03-453C-8C59-F627276037B4} = {B3FB7E78-E1C0-4D32-AD98-D9E12416E383}
		{E9355F7A-8ED9-45B1-8E87-BE9A4F8358F3} = {B3FB7E78-E1C0-4D32-AD98-D9E12416E383}
		{03A32613-E9D2-4ED5-BA2B-8440BDE0341E} = {B3FB7E78-E1C0-4D32-AD98-D9E12416E383}
		{C5BE68EA-0304-4BAE-983F-C6B15067235B} = {B3FB7E78-E1C0-4D32-AD98-D9E12416E383}
		{4700C9AA-1972-4265-86CA-2B246E7D4428} = {B3FB7E78-E1C0-4D32-AD98-D9E12416E383}
		{5DC305C5-72A8-406B-8141-7305FA9810D5} = {B3FB7E78-E1C0-4D32-AD98-D9E12416E383}
		{99AEA01C-7A31-4683-9373-43B3A56E8FDB} = {F197335B-D21F-496E-8FB4-88CB7BB8AC90}
		{52943AC2-F012-4CD9-AFFC-C5359881845D} = {BC7FEEAB-C625-4E2A-B534-B1BC146F7555}
		{CEF3FE9E-CEA7-49AC-BFEB-3CDF9F2398F2} = {F197335B-D21F-496E-8FB4-88CB7BB8AC90}
	EndGlobalSection
	GlobalSection(ProjectConfigurationPlatforms) = postSolution
		{47C86975-A3DB-4802-9F07-C812584B8159}.Debug|Any CPU.ActiveCfg = Debug|Any CPU
		{47C86975-A3DB-4802-9F07-C812584B8159}.Debug|Any CPU.Build.0 = Debug|Any CPU
		{47C86975-A3DB-4802-9F07-C812584B8159}.Release|Any CPU.ActiveCfg = Release|Any CPU
		{47C86975-A3DB-4802-9F07-C812584B8159}.Release|Any CPU.Build.0 = Release|Any CPU
		{37F9FFD0-4A03-453C-8C59-F627276037B4}.Debug|Any CPU.ActiveCfg = Debug|Any CPU
		{37F9FFD0-4A03-453C-8C59-F627276037B4}.Debug|Any CPU.Build.0 = Debug|Any CPU
		{37F9FFD0-4A03-453C-8C59-F627276037B4}.Release|Any CPU.ActiveCfg = Release|Any CPU
		{37F9FFD0-4A03-453C-8C59-F627276037B4}.Release|Any CPU.Build.0 = Release|Any CPU
		{E9355F7A-8ED9-45B1-8E87-BE9A4F8358F3}.Debug|Any CPU.ActiveCfg = Debug|Any CPU
		{E9355F7A-8ED9-45B1-8E87-BE9A4F8358F3}.Debug|Any CPU.Build.0 = Debug|Any CPU
		{E9355F7A-8ED9-45B1-8E87-BE9A4F8358F3}.Release|Any CPU.ActiveCfg = Release|Any CPU
		{E9355F7A-8ED9-45B1-8E87-BE9A4F8358F3}.Release|Any CPU.Build.0 = Release|Any CPU
		{03A32613-E9D2-4ED5-BA2B-8440BDE0341E}.Debug|Any CPU.ActiveCfg = Debug|Any CPU
		{03A32613-E9D2-4ED5-BA2B-8440BDE0341E}.Debug|Any CPU.Build.0 = Debug|Any CPU
		{03A32613-E9D2-4ED5-BA2B-8440BDE0341E}.Release|Any CPU.ActiveCfg = Release|Any CPU
		{03A32613-E9D2-4ED5-BA2B-8440BDE0341E}.Release|Any CPU.Build.0 = Release|Any CPU
		{C5BE68EA-0304-4BAE-983F-C6B15067235B}.Debug|Any CPU.ActiveCfg = Debug|Any CPU
		{C5BE68EA-0304-4BAE-983F-C6B15067235B}.Debug|Any CPU.Build.0 = Debug|Any CPU
		{C5BE68EA-0304-4BAE-983F-C6B15067235B}.Release|Any CPU.ActiveCfg = Release|Any CPU
		{C5BE68EA-0304-4BAE-983F-C6B15067235B}.Release|Any CPU.Build.0 = Release|Any CPU
		{4700C9AA-1972-4265-86CA-2B246E7D4428}.Debug|Any CPU.ActiveCfg = Debug|Any CPU
		{4700C9AA-1972-4265-86CA-2B246E7D4428}.Debug|Any CPU.Build.0 = Debug|Any CPU
		{4700C9AA-1972-4265-86CA-2B246E7D4428}.Release|Any CPU.ActiveCfg = Release|Any CPU
		{4700C9AA-1972-4265-86CA-2B246E7D4428}.Release|Any CPU.Build.0 = Release|Any CPU
		{5DC305C5-72A8-406B-8141-7305FA9810D5}.Debug|Any CPU.ActiveCfg = Debug|Any CPU
		{5DC305C5-72A8-406B-8141-7305FA9810D5}.Debug|Any CPU.Build.0 = Debug|Any CPU
		{5DC305C5-72A8-406B-8141-7305FA9810D5}.Release|Any CPU.ActiveCfg = Release|Any CPU
		{5DC305C5-72A8-406B-8141-7305FA9810D5}.Release|Any CPU.Build.0 = Release|Any CPU
		{52943AC2-F012-4CD9-AFFC-C5359881845D}.Debug|Any CPU.ActiveCfg = Debug|Any CPU
		{52943AC2-F012-4CD9-AFFC-C5359881845D}.Debug|Any CPU.Build.0 = Debug|Any CPU
		{52943AC2-F012-4CD9-AFFC-C5359881845D}.Release|Any CPU.ActiveCfg = Release|Any CPU
		{52943AC2-F012-4CD9-AFFC-C5359881845D}.Release|Any CPU.Build.0 = Release|Any CPU
	EndGlobalSection
EndGlobal
